
Microsoft Visual Studio Solution File, Format Version 12.00
# Visual Studio Version 16
VisualStudioVersion = 16.0.29102.190
MinimumVisualStudioVersion = 10.0.40219.1
Project("{FAE04EC0-301F-11D3-BF4B-00C04F79EFBC}") = "spt2stepnc", "spt2stepnc\spt2stepnc.csproj", "{FC9668E9-3F82-4679-815D-999FA0C43EFC}"
EndProject
Global
	GlobalSection(SolutionConfigurationPlatforms) = preSolution
		Debug|Any CPU = Debug|Any CPU
		Release|Any CPU = Release|Any CPU
	EndGlobalSection
	GlobalSection(ProjectConfigurationPlatforms) = postSolution
		{FC9668E9-3F82-4679-815D-999FA0C43EFC}.Debug|Any CPU.ActiveCfg = Debug|Any CPU
		{FC9668E9-3F82-4679-815D-999FA0C43EFC}.Debug|Any CPU.Build.0 = Debug|Any CPU
		{FC9668E9-3F82-4679-815D-999FA0C43EFC}.Release|Any CPU.ActiveCfg = Release|Any CPU
		{FC9668E9-3F82-4679-815D-999FA0C43EFC}.Release|Any CPU.Build.0 = Release|Any CPU
	EndGlobalSection
	GlobalSection(SolutionProperties) = preSolution
		HideSolutionNode = FALSE
	EndGlobalSection
	GlobalSection(ExtensibilityGlobals) = postSolution
		SolutionGuid = {CC8D9F34-7FE2-4AFD-B472-B73A500500A8}
	EndGlobalSection
EndGlobal
